// !$*UTF8*$!
{
	archiveVersion = 1;
	classes = {
	};
	objectVersion = 50;
	objects = {

/* Begin PBXBuildFile section */
		8F79E3B020BD40F400FB66C6 /* AppDelegate.swift in Sources */ = {isa = PBXBuildFile; fileRef = 8F79E3AF20BD40F400FB66C6 /* AppDelegate.swift */; };
		8F79E3B220BD40F400FB66C6 /* ViewController.swift in Sources */ = {isa = PBXBuildFile; fileRef = 8F79E3B120BD40F400FB66C6 /* ViewController.swift */; };
		8F79E3B520BD40F400FB66C6 /* Main.storyboard in Resources */ = {isa = PBXBuildFile; fileRef = 8F79E3B320BD40F400FB66C6 /* Main.storyboard */; };
		8F79E3B720BD40F500FB66C6 /* Assets.xcassets in Resources */ = {isa = PBXBuildFile; fileRef = 8F79E3B620BD40F500FB66C6 /* Assets.xcassets */; };
		8F79E3BA20BD40F500FB66C6 /* LaunchScreen.storyboard in Resources */ = {isa = PBXBuildFile; fileRef = 8F79E3B820BD40F500FB66C6 /* LaunchScreen.storyboard */; };
		8F79E3C420BD410600FB66C6 /* NKBarChart.swift in Sources */ = {isa = PBXBuildFile; fileRef = 8F79E3C220BD410600FB66C6 /* NKBarChart.swift */; };
		8F79E3C520BD410600FB66C6 /* NKBarEntry.swift in Sources */ = {isa = PBXBuildFile; fileRef = 8F79E3C320BD410600FB66C6 /* NKBarEntry.swift */; };
/* End PBXBuildFile section */

/* Begin PBXFileReference section */
		8F79E3AC20BD40F400FB66C6 /* NKBarChartExample.app */ = {isa = PBXFileReference; explicitFileType = wrapper.application; includeInIndex = 0; path = NKBarChartExample.app; sourceTree = BUILT_PRODUCTS_DIR; };
		8F79E3AF20BD40F400FB66C6 /* AppDelegate.swift */ = {isa = PBXFileReference; lastKnownFileType = sourcecode.swift; path = AppDelegate.swift; sourceTree = "<group>"; };
		8F79E3B120BD40F400FB66C6 /* ViewController.swift */ = {isa = PBXFileReference; lastKnownFileType = sourcecode.swift; path = ViewController.swift; sourceTree = "<group>"; };
		8F79E3B420BD40F400FB66C6 /* Base */ = {isa = PBXFileReference; lastKnownFileType = file.storyboard; name = Base; path = Base.lproj/Main.storyboard; sourceTree = "<group>"; };
		8F79E3B620BD40F500FB66C6 /* Assets.xcassets */ = {isa = PBXFileReference; lastKnownFileType = folder.assetcatalog; path = Assets.xcassets; sourceTree = "<group>"; };
		8F79E3B920BD40F500FB66C6 /* Base */ = {isa = PBXFileReference; lastKnownFileType = file.storyboard; name = Base; path = Base.lproj/LaunchScreen.storyboard; sourceTree = "<group>"; };
		8F79E3BB20BD40F500FB66C6 /* Info.plist */ = {isa = PBXFileReference; lastKnownFileType = text.plist.xml; path = Info.plist; sourceTree = "<group>"; };
		8F79E3C220BD410600FB66C6 /* NKBarChart.swift */ = {isa = PBXFileReference; fileEncoding = 4; lastKnownFileType = sourcecode.swift; path = NKBarChart.swift; sourceTree = "<group>"; };
		8F79E3C320BD410600FB66C6 /* NKBarEntry.swift */ = {isa = PBXFileReference; fileEncoding = 4; lastKnownFileType = sourcecode.swift; path = NKBarEntry.swift; sourceTree = "<group>"; };
/* End PBXFileReference section */

/* Begin PBXFrameworksBuildPhase section */
		8F79E3A920BD40F400FB66C6 /* Frameworks */ = {
			isa = PBXFrameworksBuildPhase;
			buildActionMask = 2147483647;
			files = (
			);
			runOnlyForDeploymentPostprocessing = 0;
		};
/* End PBXFrameworksBuildPhase section */

/* Begin PBXGroup section */
		8F79E3A320BD40F400FB66C6 = {
			isa = PBXGroup;
			children = (
				8F79E3AE20BD40F400FB66C6 /* NKBarChartExample */,
				8F79E3AD20BD40F400FB66C6 /* Products */,
			);
			sourceTree = "<group>";
		};
		8F79E3AD20BD40F400FB66C6 /* Products */ = {
			isa = PBXGroup;
			children = (
				8F79E3AC20BD40F400FB66C6 /* NKBarChartExample.app */,
			);
			name = Products;
			sourceTree = "<group>";
		};
		8F79E3AE20BD40F400FB66C6 /* NKBarChartExample */ = {
			isa = PBXGroup;
			children = (
				8F79E3C120BD410600FB66C6 /* NKBarChart */,
				8F79E3AF20BD40F400FB66C6 /* AppDelegate.swift */,
				8F79E3B120BD40F400FB66C6 /* ViewController.swift */,
				8F79E3B320BD40F400FB66C6 /* Main.storyboard */,
				8F79E3B620BD40F500FB66C6 /* Assets.xcassets */,
				8F79E3B820BD40F500FB66C6 /* LaunchScreen.storyboard */,
				8F79E3BB20BD40F500FB66C6 /* Info.plist */,
			);
			path = NKBarChartExample;
			sourceTree = "<group>";
		};
		8F79E3C120BD410600FB66C6 /* NKBarChart */ = {
			isa = PBXGroup;
			children = (
				8F79E3C220BD410600FB66C6 /* NKBarChart.swift */,
				8F79E3C320BD410600FB66C6 /* NKBarEntry.swift */,
			);
			path = NKBarChart;
			sourceTree = "<group>";
		};
/* End PBXGroup section */

/* Begin PBXNativeTarget section */
		8F79E3AB20BD40F400FB66C6 /* NKBarChartExample */ = {
			isa = PBXNativeTarget;
			buildConfigurationList = 8F79E3BE20BD40F500FB66C6 /* Build configuration list for PBXNativeTarget "NKBarChartExample" */;
			buildPhases = (
				8F79E3A820BD40F400FB66C6 /* Sources */,
				8F79E3A920BD40F400FB66C6 /* Frameworks */,
				8F79E3AA20BD40F400FB66C6 /* Resources */,
			);
			buildRules = (
			);
			dependencies = (
			);
			name = NKBarChartExample;
			productName = NKBarChartExample;
			productReference = 8F79E3AC20BD40F400FB66C6 /* NKBarChartExample.app */;
			productType = "com.apple.product-type.application";
		};
/* End PBXNativeTarget section */

/* Begin PBXProject section */
		8F79E3A420BD40F400FB66C6 /* Project object */ = {
			isa = PBXProject;
			attributes = {
				LastSwiftUpdateCheck = 0930;
				LastUpgradeCheck = 0930;
				ORGANIZATIONNAME = "Nakul Sharma";
				TargetAttributes = {
					8F79E3AB20BD40F400FB66C6 = {
						CreatedOnToolsVersion = 9.3;
					};
				};
			};
			buildConfigurationList = 8F79E3A720BD40F400FB66C6 /* Build configuration list for PBXProject "NKBarChartExample" */;
			compatibilityVersion = "Xcode 9.3";
			developmentRegion = en;
			hasScannedForEncodings = 0;
			knownRegions = (
				en,
				Base,
			);
			mainGroup = 8F79E3A320BD40F400FB66C6;
			productRefGroup = 8F79E3AD20BD40F400FB66C6 /* Products */;
			projectDirPath = "";
			projectRoot = "";
			targets = (
				8F79E3AB20BD40F400FB66C6 /* NKBarChartExample */,
			);
		};
/* End PBXProject section */

/* Begin PBXResourcesBuildPhase section */
		8F79E3AA20BD40F400FB66C6 /* Resources */ = {
			isa = PBXResourcesBuildPhase;
			buildActionMask = 2147483647;
			files = (
				8F79E3BA20BD40F500FB66C6 /* LaunchScreen.storyboard in Resources */,
				8F79E3B720BD40F500FB66C6 /* Assets.xcassets in Resources */,
				8F79E3B520BD40F400FB66C6 /* Main.storyboard in Resources */,
			);
			runOnlyForDeploymentPostprocessing = 0;
		};
/* End PBXResourcesBuildPhase section */

/* Begin PBXSourcesBuildPhase section */
		8F79E3A820BD40F400FB66C6 /* Sources */ = {
			isa = PBXSourcesBuildPhase;
			buildActionMask = 2147483647;
			files = (
				8F79E3B220BD40F400FB66C6 /* ViewController.swift in Sources */,
				8F79E3B020BD40F400FB66C6 /* AppDelegate.swift in Sources */,
				8F79E3C420BD410600FB66C6 /* NKBarChart.swift in Sources */,
				8F79E3C520BD410600FB66C6 /* NKBarEntry.swift in Sources */,
			);
			runOnlyForDeploymentPostprocessing = 0;
		};
/* End PBXSourcesBuildPhase section */

/* Begin PBXVariantGroup section */
		8F79E3B320BD40F400FB66C6 /* Main.storyboard */ = {
			isa = PBXVariantGroup;
			children = (
				8F79E3B420BD40F400FB66C6 /* Base */,
			);
			name = Main.storyboard;
			sourceTree = "<group>";
		};
		8F79E3B820BD40F500FB66C6 /* LaunchScreen.storyboard */ = {
			isa = PBXVariantGroup;
			children = (
				8F79E3B920BD40F500FB66C6 /* Base */,
			);
			name = LaunchScreen.storyboard;
			sourceTree = "<group>";
		};
/* End PBXVariantGroup section */

/* Begin XCBuildConfiguration section */
		8F79E3BC20BD40F500FB66C6 /* Debug */ = {
			isa = XCBuildConfiguration;
			buildSettings = {
				ALWAYS_SEARCH_USER_PATHS = NO;
				CLANG_ANALYZER_NONNULL = YES;
				CLANG_ANALYZER_NUMBER_OBJECT_CONVERSION = YES_AGGRESSIVE;
				CLANG_CXX_LANGUAGE_STANDARD = "gnu++14";
				CLANG_CXX_LIBRARY = "libc++";
				CLANG_ENABLE_MODULES = YES;
				CLANG_ENABLE_OBJC_ARC = YES;
				CLANG_ENABLE_OBJC_WEAK = YES;
				CLANG_WARN_BLOCK_CAPTURE_AUTORELEASING = YES;
				CLANG_WARN_BOOL_CONVERSION = YES;
				CLANG_WARN_COMMA = YES;
				CLANG_WARN_CONSTANT_CONVERSION = YES;
				CLANG_WARN_DEPRECATED_OBJC_IMPLEMENTATIONS = YES;
				CLANG_WARN_DIRECT_OBJC_ISA_USAGE = YES_ERROR;
				CLANG_WARN_DOCUMENTATION_COMMENTS = YES;
				CLANG_WARN_EMPTY_BODY = YES;
				CLANG_WARN_ENUM_CONVERSION = YES;
				CLANG_WARN_INFINITE_RECURSION = YES;
				CLANG_WARN_INT_CONVERSION = YES;
				CLANG_WARN_NON_LITERAL_NULL_CONVERSION = YES;
				CLANG_WARN_OBJC_IMPLICIT_RETAIN_SELF = YES;
				CLANG_WARN_OBJC_LITERAL_CONVERSION = YES;
				CLANG_WARN_OBJC_ROOT_CLASS = YES_ERROR;
				CLANG_WARN_RANGE_LOOP_ANALYSIS = YES;
				CLANG_WARN_STRICT_PROTOTYPES = YES;
				CLANG_WARN_SUSPICIOUS_MOVE = YES;
				CLANG_WARN_UNGUARDED_AVAILABILITY = YES_AGGRESSIVE;
				CLANG_WARN_UNREACHABLE_CODE = YES;
				CLANG_WARN__DUPLICATE_METHOD_MATCH = YES;
				CODE_SIGN_IDENTITY = "iPhone Developer";
				COPY_PHASE_STRIP = NO;
				DEBUG_INFORMATION_FORMAT = dwarf;
				ENABLE_STRICT_OBJC_MSGSEND = YES;
				ENABLE_TESTABILITY = YES;
				GCC_C_LANGUAGE_STANDARD = gnu11;
				GCC_DYNAMIC_NO_PIC = NO;
				GCC_NO_COMMON_BLOCKS = YES;
				GCC_OPTIMIZATION_LEVEL = 0;
				GCC_PREPROCESSOR_DEFINITIONS = (
					"DEBUG=1",
					"$(inherited)",
				);
				GCC_WARN_64_TO_32_BIT_CONVERSION = YES;
				GCC_WARN_ABOUT_RETURN_TYPE = YES_ERROR;
				GCC_WARN_UNDECLARED_SELECTOR = YES;
				GCC_WARN_UNINITIALIZED_AUTOS = YES_AGGRESSIVE;
				GCC_WARN_UNUSED_FUNCTION = YES;
				GCC_WARN_UNUSED_VARIABLE = YES;
				IPHONEOS_DEPLOYMENT_TARGET = 11.3;
				MTL_ENABLE_DEBUG_INFO = YES;
				ONLY_ACTIVE_ARCH = YES;
				SDKROOT = iphoneos;
				SWIFT_ACTIVE_COMPILATION_CONDITIONS = DEBUG;
				SWIFT_OPTIMIZATION_LEVEL = "-Onone";
			};
			name = Debug;
		};
		8F79E3BD20BD40F500FB66C6 /* Release */ = {
			isa = XCBuildConfiguration;
			buildSettings = {
				ALWAYS_SEARCH_USER_PATHS = NO;
				CLANG_ANALYZER_NONNULL = YES;
				CLANG_ANALYZER_NUMBER_OBJECT_CONVERSION = YES_AGGRESSIVE;
				CLANG_CXX_LANGUAGE_STANDARD = "gnu++14";
				CLANG_CXX_LIBRARY = "libc++";
				CLANG_ENABLE_MODULES = YES;
				CLANG_ENABLE_OBJC_ARC = YES;
				CLANG_ENABLE_OBJC_WEAK = YES;
				CLANG_WARN_BLOCK_CAPTURE_AUTORELEASING = YES;
				CLANG_WARN_BOOL_CONVERSION = YES;
				CLANG_WARN_COMMA = YES;
				CLANG_WARN_CONSTANT_CONVERSION = YES;
				CLANG_WARN_DEPRECATED_OBJC_IMPLEMENTATIONS = YES;
				CLANG_WARN_DIRECT_OBJC_ISA_USAGE = YES_ERROR;
				CLANG_WARN_DOCUMENTATION_COMMENTS = YES;
				CLANG_WARN_EMPTY_BODY = YES;
				CLANG_WARN_ENUM_CONVERSION = YES;
				CLANG_WARN_INFINITE_RECURSION = YES;
				CLANG_WARN_INT_CONVERSION = YES;
				CLANG_WARN_NON_LITERAL_NULL_CONVERSION = YES;
				CLANG_WARN_OBJC_IMPLICIT_RETAIN_SELF = YES;
				CLANG_WARN_OBJC_LITERAL_CONVERSION = YES;
				CLANG_WARN_OBJC_ROOT_CLASS = YES_ERROR;
				CLANG_WARN_RANGE_LOOP_ANALYSIS = YES;
				CLANG_WARN_STRICT_PROTOTYPES = YES;
				CLANG_WARN_SUSPICIOUS_MOVE = YES;
				CLANG_WARN_UNGUARDED_AVAILABILITY = YES_AGGRESSIVE;
				CLANG_WARN_UNREACHABLE_CODE = YES;
				CLANG_WARN__DUPLICATE_METHOD_MATCH = YES;
				CODE_SIGN_IDENTITY = "iPhone Developer";
				COPY_PHASE_STRIP = NO;
				DEBUG_INFORMATION_FORMAT = "dwarf-with-dsym";
				ENABLE_NS_ASSERTIONS = NO;
				ENABLE_STRICT_OBJC_MSGSEND = YES;
				GCC_C_LANGUAGE_STANDARD = gnu11;
				GCC_NO_COMMON_BLOCKS = YES;
				GCC_WARN_64_TO_32_BIT_CONVERSION = YES;
				GCC_WARN_ABOUT_RETURN_TYPE = YES_ERROR;
				GCC_WARN_UNDECLARED_SELECTOR = YES;
				GCC_WARN_UNINITIALIZED_AUTOS = YES_AGGRESSIVE;
				GCC_WARN_UNUSED_FUNCTION = YES;
				GCC_WARN_UNUSED_VARIABLE = YES;
				IPHONEOS_DEPLOYMENT_TARGET = 11.3;
				MTL_ENABLE_DEBUG_INFO = NO;
				SDKROOT = iphoneos;
				SWIFT_COMPILATION_MODE = wholemodule;
				SWIFT_OPTIMIZATION_LEVEL = "-O";
				VALIDATE_PRODUCT = YES;
			};
			name = Release;
		};
		8F79E3BF20BD40F500FB66C6 /* Debug */ = {
			isa = XCBuildConfiguration;
			buildSettings = {
				ASSETCATALOG_COMPILER_APPICON_NAME = AppIcon;
				CODE_SIGN_STYLE = Automatic;
				DEVELOPMENT_TEAM = AJ67RUJC7P;
				INFOPLIST_FILE = NKBarChartExample/Info.plist;
				LD_RUNPATH_SEARCH_PATHS = (
					"$(inherited)",
					"@executable_path/Frameworks",
				);
				PRODUCT_BUNDLE_IDENTIFIER = com.tecorb.NKBarChartExample;
				PRODUCT_NAME = "$(TARGET_NAME)";
				SWIFT_VERSION = 4.0;
				TARGETED_DEVICE_FAMILY = "1,2";
			};
			name = Debug;
		};
		8F79E3C020BD40F500FB66C6 /* Release */ = {
			isa = XCBuildConfiguration;
			buildSettings = {
				ASSETCATALOG_COMPILER_APPICON_NAME = AppIcon;
				CODE_SIGN_STYLE = Automatic;
				DEVELOPMENT_TEAM = AJ67RUJC7P;
				INFOPLIST_FILE = NKBarChartExample/Info.plist;
				LD_RUNPATH_SEARCH_PATHS = (
					"$(inherited)",
					"@executable_path/Frameworks",
				);
				PRODUCT_BUNDLE_IDENTIFIER = com.tecorb.NKBarChartExample;
				PRODUCT_NAME = "$(TARGET_NAME)";
				SWIFT_VERSION = 4.0;
				TARGETED_DEVICE_FAMILY = "1,2";
			};
			name = Release;
		};
/* End XCBuildConfiguration section */

/* Begin XCConfigurationList section */
		8F79E3A720BD40F400FB66C6 /* Build configuration list for PBXProject "NKBarChartExample" */ = {
			isa = XCConfigurationList;
			buildConfigurations = (
				8F79E3BC20BD40F500FB66C6 /* Debug */,
				8F79E3BD20BD40F500FB66C6 /* Release */,
			);
			defaultConfigurationIsVisible = 0;
			defaultConfigurationName = Release;
		};
		8F79E3BE20BD40F500FB66C6 /* Build configuration list for PBXNativeTarget "NKBarChartExample" */ = {
			isa = XCConfigurationList;
			buildConfigurations = (
				8F79E3BF20BD40F500FB66C6 /* Debug */,
				8F79E3C020BD40F500FB66C6 /* Release */,
			);
			defaultConfigurationIsVisible = 0;
			defaultConfigurationName = Release;
		};
/* End XCConfigurationList section */
	};
	rootObject = 8F79E3A420BD40F400FB66C6 /* Project object */;
}
